
Microsoft Visual Studio Solution File, Format Version 10.00
# Visual Studio 2008
Project("{8BC9CEB8-8B4A-11D0-8D11-00A0C91BC942}") = "TibiaEditor", "TibiaEditor\TibiaEditor.vcproj", "{D8CE3A96-4E77-4350-96CB-8DE74685956D}"
	GlobalSection(Qt) = preSolution
		Integration = True
	EndGlobalSection
EndProject
Global
	GlobalSection(SolutionConfigurationPlatforms) = preSolution
		Debug|Win32 = Debug|Win32
		Release|Win32 = Release|Win32
		Release-Static|Win32 = Release-Static|Win32
	EndGlobalSection
	GlobalSection(ProjectConfigurationPlatforms) = postSolution
		{D8CE3A96-4E77-4350-96CB-8DE74685956D}.Debug|Win32.ActiveCfg = Debug|Win32
		{D8CE3A96-4E77-4350-96CB-8DE74685956D}.Debug|Win32.Build.0 = Debug|Win32
		{D8CE3A96-4E77-4350-96CB-8DE74685956D}.Release|Win32.ActiveCfg = Release|Win32
		{D8CE3A96-4E77-4350-96CB-8DE74685956D}.Release|Win32.Build.0 = Release|Win32
		{D8CE3A96-4E77-4350-96CB-8DE74685956D}.Release-Static|Win32.ActiveCfg = Release-Static|Win32
		{D8CE3A96-4E77-4350-96CB-8DE74685956D}.Release-Static|Win32.Build.0 = Release-Static|Win32
	EndGlobalSection
	GlobalSection(SolutionProperties) = preSolution
		HideSolutionNode = FALSE
	EndGlobalSection
EndGlobal
